
Microsoft Visual Studio Solution File, Format Version 12.00
# Visual Studio Version 16
VisualStudioVersion = 16.0.30907.101
MinimumVisualStudioVersion = 10.0.40219.1
Project("{FAE04EC0-301F-11D3-BF4B-00C04F79EFBC}") = "MetotDemo", "MetotDemo.csproj", "{1C69800E-2F22-41C9-9465-20F27C1887D5}"
EndProject
Global
	GlobalSection(SolutionConfigurationPlatforms) = preSolution
		Debug|Any CPU = Debug|Any CPU
		Release|Any CPU = Release|Any CPU
	EndGlobalSection
	GlobalSection(ProjectConfigurationPlatforms) = postSolution
		{1C69800E-2F22-41C9-9465-20F27C1887D5}.Debug|Any CPU.ActiveCfg = Debug|Any CPU
		{1C69800E-2F22-41C9-9465-20F27C1887D5}.Debug|Any CPU.Build.0 = Debug|Any CPU
		{1C69800E-2F22-41C9-9465-20F27C1887D5}.Release|Any CPU.ActiveCfg = Release|Any CPU
		{1C69800E-2F22-41C9-9465-20F27C1887D5}.Release|Any CPU.Build.0 = Release|Any CPU
	EndGlobalSection
	GlobalSection(SolutionProperties) = preSolution
		HideSolutionNode = FALSE
	EndGlobalSection
	GlobalSection(ExtensibilityGlobals) = postSolution
		SolutionGuid = {872286DC-5E11-435D-892C-9C0783C3AC19}
	EndGlobalSection
EndGlobal
