
Microsoft Visual Studio Solution File, Format Version 12.00
# Visual Studio Version 16
VisualStudioVersion = 16.0.30907.101
MinimumVisualStudioVersion = 10.0.40219.1
Project("{9A19103F-16F7-4668-BE54-9A1E7A4F7556}") = "OOP3", "OOP3.csproj", "{C788C89A-2617-48DD-A802-019E6141CCE4}"
EndProject
Global
	GlobalSection(SolutionConfigurationPlatforms) = preSolution
		Debug|Any CPU = Debug|Any CPU
		Release|Any CPU = Release|Any CPU
	EndGlobalSection
	GlobalSection(ProjectConfigurationPlatforms) = postSolution
		{C788C89A-2617-48DD-A802-019E6141CCE4}.Debug|Any CPU.ActiveCfg = Debug|Any CPU
		{C788C89A-2617-48DD-A802-019E6141CCE4}.Debug|Any CPU.Build.0 = Debug|Any CPU
		{C788C89A-2617-48DD-A802-019E6141CCE4}.Release|Any CPU.ActiveCfg = Release|Any CPU
		{C788C89A-2617-48DD-A802-019E6141CCE4}.Release|Any CPU.Build.0 = Release|Any CPU
	EndGlobalSection
	GlobalSection(SolutionProperties) = preSolution
		HideSolutionNode = FALSE
	EndGlobalSection
	GlobalSection(ExtensibilityGlobals) = postSolution
		SolutionGuid = {19F7E353-483E-4D04-BA5C-D33B8A2D190F}
	EndGlobalSection
EndGlobal
