
Microsoft Visual Studio Solution File, Format Version 12.00
# Visual Studio Version 16
VisualStudioVersion = 16.0.30804.86
MinimumVisualStudioVersion = 10.0.40219.1
Project("{FAE04EC0-301F-11D3-BF4B-00C04F79EFBC}") = "Deneme", "Deneme.csproj", "{1710D3F6-C164-4D6C-90D8-9428A7FE4633}"
EndProject
Global
	GlobalSection(SolutionConfigurationPlatforms) = preSolution
		Debug|Any CPU = Debug|Any CPU
		Release|Any CPU = Release|Any CPU
	EndGlobalSection
	GlobalSection(ProjectConfigurationPlatforms) = postSolution
		{1710D3F6-C164-4D6C-90D8-9428A7FE4633}.Debug|Any CPU.ActiveCfg = Debug|Any CPU
		{1710D3F6-C164-4D6C-90D8-9428A7FE4633}.Debug|Any CPU.Build.0 = Debug|Any CPU
		{1710D3F6-C164-4D6C-90D8-9428A7FE4633}.Release|Any CPU.ActiveCfg = Release|Any CPU
		{1710D3F6-C164-4D6C-90D8-9428A7FE4633}.Release|Any CPU.Build.0 = Release|Any CPU
	EndGlobalSection
	GlobalSection(SolutionProperties) = preSolution
		HideSolutionNode = FALSE
	EndGlobalSection
	GlobalSection(ExtensibilityGlobals) = postSolution
		SolutionGuid = {394C2028-DAC9-4C22-AC07-593EE9179869}
	EndGlobalSection
EndGlobal
